<?xml version="1.0" encoding="utf-8"?>
<Project ToolsVersion="4.0" xmlns="http://schemas.microsoft.com/developer/msbuild/2003">
  <ItemGroup>
    <Filter Include="cryptography">
      <UniqueIdentifier>{c845ce83-4880-4f5b-bece-9d9d0e552231}</UniqueIdentifier>
    </Filter>
    <Filter Include="network">
      <UniqueIdentifier>{7848b185-91af-4000-a8f5-fb6d2cb778d5}</UniqueIdentifier>
    </Filter>
    <Filter Include="system">
      <UniqueIdentifier>{68623689-2193-4415-9f84-11b6ab374658}</UniqueIdentifier>
    </Filter>
  </ItemGroup>
  <ItemGroup>
    <ClCompile Include="math.cpp" />
    <ClCompile Include="system\filesystem.cpp">
      <Filter>system</Filter>
    </ClCompile>
    <ClCompile Include="system\memory.cpp">
      <Filter>system</Filter>
    </ClCompile>
    <ClCompile Include="system\syscalls.cpp">
      <Filter>system</Filter>
    </ClCompile>
    <ClCompile Include="network\socket.cpp">
      <Filter>network</Filter>
    </ClCompile>
    <ClCompile Include="cryptography\rc4.cpp">
      <Filter>cryptography</Filter>
    </ClCompile>
    <ClCompile Include="system\imports.cpp">
      <Filter>system</Filter>
    </ClCompile>
    <ClCompile Include="network\httpclient.cpp">
      <Filter>network</Filter>
    </ClCompile>
    <ClCompile Include="string.cpp" />
    <ClCompile Include="symbol.cpp" />
    <ClCompile Include="cryptography\md5.cpp">
      <Filter>cryptography</Filter>
    </ClCompile>
    <ClCompile Include="cryptography\sha.cpp">
      <Filter>cryptography</Filter>
    </ClCompile>
    <ClCompile Include="cryptography\tiger.cpp">
      <Filter>cryptography</Filter>
    </ClCompile>
  </ItemGroup>
  <ItemGroup>
    <ClInclude Include="math.hpp" />
    <ClInclude Include="symbol.hpp" />
    <ClInclude Include="system\filesystem.hpp">
      <Filter>system</Filter>
    </ClInclude>
    <ClInclude Include="system\memory.hpp">
      <Filter>system</Filter>
    </ClInclude>
    <ClInclude Include="system\syscalls.hpp">
      <Filter>system</Filter>
    </ClInclude>
    <ClInclude Include="network\socket.hpp">
      <Filter>network</Filter>
    </ClInclude>
    <ClInclude Include="cryptography\rc4.hpp">
      <Filter>cryptography</Filter>
    </ClInclude>
    <ClInclude Include="system\imports.hpp">
      <Filter>system</Filter>
    </ClInclude>
    <ClInclude Include="network\httpclient.hpp">
      <Filter>network</Filter>
    </ClInclude>
    <ClInclude Include="string.hpp" />
    <ClInclude Include="cryptography\md5.hpp">
      <Filter>cryptography</Filter>
    </ClInclude>
    <ClInclude Include="cryptography\sha.hpp">
      <Filter>cryptography</Filter>
    </ClInclude>
    <ClInclude Include="cryptography\tiger.hpp">
      <Filter>cryptography</Filter>
    </ClInclude>
  </ItemGroup>
</Project>